
Microsoft Visual Studio Solution File, Format Version 12.00
# Visual Studio Version 17
VisualStudioVersion = 17.5.33530.505
MinimumVisualStudioVersion = 10.0.40219.1
Project("{FAE04EC0-301F-11D3-BF4B-00C04F79EFBC}") = "AIS_LABA1Lib", "AIS_LABA1Lib\AIS_LABA1Lib.csproj", "{6FF32F64-E62A-4E8E-B7A2-07AC9CC956F1}"
EndProject
Global
	GlobalSection(SolutionConfigurationPlatforms) = preSolution
		Debug|Any CPU = Debug|Any CPU
		Release|Any CPU = Release|Any CPU
	EndGlobalSection
	GlobalSection(ProjectConfigurationPlatforms) = postSolution
		{6FF32F64-E62A-4E8E-B7A2-07AC9CC956F1}.Debug|Any CPU.ActiveCfg = Debug|Any CPU
		{6FF32F64-E62A-4E8E-B7A2-07AC9CC956F1}.Debug|Any CPU.Build.0 = Debug|Any CPU
		{6FF32F64-E62A-4E8E-B7A2-07AC9CC956F1}.Release|Any CPU.ActiveCfg = Release|Any CPU
		{6FF32F64-E62A-4E8E-B7A2-07AC9CC956F1}.Release|Any CPU.Build.0 = Release|Any CPU
	EndGlobalSection
	GlobalSection(SolutionProperties) = preSolution
		HideSolutionNode = FALSE
	EndGlobalSection
	GlobalSection(ExtensibilityGlobals) = postSolution
		SolutionGuid = {56AA1D0A-D34D-4566-A8C5-C3FA6F543310}
	EndGlobalSection
EndGlobal
